// !$*UTF8*$!
{
	archiveVersion = 1;
	classes = {
	};
	objectVersion = 50;
	objects = {

/* Begin PBXBuildFile section */
		AE9A287A22A4015100402BC1 /* Main.storyboard in Resources */ = {isa = PBXBuildFile; fileRef = AE9A287822A4015100402BC1 /* Main.storyboard */; };
		AE9A287C22A4015200402BC1 /* Assets.xcassets in Resources */ = {isa = PBXBuildFile; fileRef = AE9A287B22A4015200402BC1 /* Assets.xcassets */; };
		AE9A287F22A4015200402BC1 /* LaunchScreen.storyboard in Resources */ = {isa = PBXBuildFile; fileRef = AE9A287D22A4015200402BC1 /* LaunchScreen.storyboard */; };
		AE9A289122A4023200402BC1 /* CarthegeFramework.h in Headers */ = {isa = PBXBuildFile; fileRef = AE9A288F22A4023200402BC1 /* CarthegeFramework.h */; settings = {ATTRIBUTES = (Public, ); }; };
		AE9A289422A4023200402BC1 /* CarthegeFramework.framework in Frameworks */ = {isa = PBXBuildFile; fileRef = AE9A288D22A4023200402BC1 /* CarthegeFramework.framework */; };
		AE9A289522A4023200402BC1 /* CarthegeFramework.framework in Embed Frameworks */ = {isa = PBXBuildFile; fileRef = AE9A288D22A4023200402BC1 /* CarthegeFramework.framework */; settings = {ATTRIBUTES = (CodeSignOnCopy, RemoveHeadersOnCopy, ); }; };
		AE9A28A022A40D0200402BC1 /* AppDelegate.swift in Sources */ = {isa = PBXBuildFile; fileRef = AE9A287422A4015100402BC1 /* AppDelegate.swift */; };
		AE9A28A122A40D0200402BC1 /* Main.storyboard in Sources */ = {isa = PBXBuildFile; fileRef = AE9A287822A4015100402BC1 /* Main.storyboard */; };
		AE9A28A222A40D4000402BC1 /* TestClass.swift in Sources */ = {isa = PBXBuildFile; fileRef = AE9A288622A4017A00402BC1 /* TestClass.swift */; };
		AE9A28A522A40E5000402BC1 /* TestClass.swift in Sources */ = {isa = PBXBuildFile; fileRef = AE9A288622A4017A00402BC1 /* TestClass.swift */; };
/* End PBXBuildFile section */

/* Begin PBXContainerItemProxy section */
		AE9A289222A4023200402BC1 /* PBXContainerItemProxy */ = {
			isa = PBXContainerItemProxy;
			containerPortal = AE9A286922A4015100402BC1 /* Project object */;
			proxyType = 1;
			remoteGlobalIDString = AE9A288C22A4023200402BC1;
			remoteInfo = CarthegeFramework;
		};
/* End PBXContainerItemProxy section */

/* Begin PBXCopyFilesBuildPhase section */
		AE9A289922A4023200402BC1 /* Embed Frameworks */ = {
			isa = PBXCopyFilesBuildPhase;
			buildActionMask = 2147483647;
			dstPath = "";
			dstSubfolderSpec = 10;
			files = (
				AE9A289522A4023200402BC1 /* CarthegeFramework.framework in Embed Frameworks */,
			);
			name = "Embed Frameworks";
			runOnlyForDeploymentPostprocessing = 0;
		};
/* End PBXCopyFilesBuildPhase section */

/* Begin PBXFileReference section */
		AE9A287122A4015100402BC1 /* CarthgeTest.app */ = {isa = PBXFileReference; explicitFileType = wrapper.application; includeInIndex = 0; path = CarthgeTest.app; sourceTree = BUILT_PRODUCTS_DIR; };
		AE9A287422A4015100402BC1 /* AppDelegate.swift */ = {isa = PBXFileReference; lastKnownFileType = sourcecode.swift; path = AppDelegate.swift; sourceTree = "<group>"; };
		AE9A287922A4015100402BC1 /* Base */ = {isa = PBXFileReference; lastKnownFileType = file.storyboard; name = Base; path = Base.lproj/Main.storyboard; sourceTree = "<group>"; };
		AE9A287B22A4015200402BC1 /* Assets.xcassets */ = {isa = PBXFileReference; lastKnownFileType = folder.assetcatalog; path = Assets.xcassets; sourceTree = "<group>"; };
		AE9A287E22A4015200402BC1 /* Base */ = {isa = PBXFileReference; lastKnownFileType = file.storyboard; name = Base; path = Base.lproj/LaunchScreen.storyboard; sourceTree = "<group>"; };
		AE9A288022A4015200402BC1 /* Info.plist */ = {isa = PBXFileReference; lastKnownFileType = text.plist.xml; path = Info.plist; sourceTree = "<group>"; };
		AE9A288622A4017A00402BC1 /* TestClass.swift */ = {isa = PBXFileReference; lastKnownFileType = sourcecode.swift; path = TestClass.swift; sourceTree = "<group>"; };
		AE9A288D22A4023200402BC1 /* CarthegeFramework.framework */ = {isa = PBXFileReference; explicitFileType = wrapper.framework; includeInIndex = 0; path = CarthegeFramework.framework; sourceTree = BUILT_PRODUCTS_DIR; };
		AE9A288F22A4023200402BC1 /* CarthegeFramework.h */ = {isa = PBXFileReference; lastKnownFileType = sourcecode.c.h; path = CarthegeFramework.h; sourceTree = "<group>"; };
		AE9A289022A4023200402BC1 /* Info.plist */ = {isa = PBXFileReference; lastKnownFileType = text.plist.xml; path = Info.plist; sourceTree = "<group>"; };
/* End PBXFileReference section */

/* Begin PBXFrameworksBuildPhase section */
		AE9A286E22A4015100402BC1 /* Frameworks */ = {
			isa = PBXFrameworksBuildPhase;
			buildActionMask = 2147483647;
			files = (
				AE9A289422A4023200402BC1 /* CarthegeFramework.framework in Frameworks */,
			);
			runOnlyForDeploymentPostprocessing = 0;
		};
		AE9A288A22A4023200402BC1 /* Frameworks */ = {
			isa = PBXFrameworksBuildPhase;
			buildActionMask = 2147483647;
			files = (
			);
			runOnlyForDeploymentPostprocessing = 0;
		};
/* End PBXFrameworksBuildPhase section */

/* Begin PBXGroup section */
		AE9A286822A4015100402BC1 = {
			isa = PBXGroup;
			children = (
				AE9A287322A4015100402BC1 /* CarthgeTest */,
				AE9A288E22A4023200402BC1 /* CarthegeFramework */,
				AE9A287222A4015100402BC1 /* Products */,
			);
			sourceTree = "<group>";
		};
		AE9A287222A4015100402BC1 /* Products */ = {
			isa = PBXGroup;
			children = (
				AE9A287122A4015100402BC1 /* CarthgeTest.app */,
				AE9A288D22A4023200402BC1 /* CarthegeFramework.framework */,
			);
			name = Products;
			sourceTree = "<group>";
		};
		AE9A287322A4015100402BC1 /* CarthgeTest */ = {
			isa = PBXGroup;
			children = (
				AE9A287422A4015100402BC1 /* AppDelegate.swift */,
				AE9A287822A4015100402BC1 /* Main.storyboard */,
				AE9A288622A4017A00402BC1 /* TestClass.swift */,
				AE9A287B22A4015200402BC1 /* Assets.xcassets */,
				AE9A287D22A4015200402BC1 /* LaunchScreen.storyboard */,
				AE9A288022A4015200402BC1 /* Info.plist */,
			);
			path = CarthgeTest;
			sourceTree = "<group>";
		};
		AE9A288E22A4023200402BC1 /* CarthegeFramework */ = {
			isa = PBXGroup;
			children = (
				AE9A288F22A4023200402BC1 /* CarthegeFramework.h */,
				AE9A289022A4023200402BC1 /* Info.plist */,
			);
			path = CarthegeFramework;
			sourceTree = "<group>";
		};
/* End PBXGroup section */

/* Begin PBXHeadersBuildPhase section */
		AE9A288822A4023200402BC1 /* Headers */ = {
			isa = PBXHeadersBuildPhase;
			buildActionMask = 2147483647;
			files = (
				AE9A289122A4023200402BC1 /* CarthegeFramework.h in Headers */,
			);
			runOnlyForDeploymentPostprocessing = 0;
		};
/* End PBXHeadersBuildPhase section */

/* Begin PBXNativeTarget section */
		AE9A287022A4015100402BC1 /* CarthgeTest */ = {
			isa = PBXNativeTarget;
			buildConfigurationList = AE9A288322A4015200402BC1 /* Build configuration list for PBXNativeTarget "CarthgeTest" */;
			buildPhases = (
				AE9A286D22A4015100402BC1 /* Sources */,
				AE9A286E22A4015100402BC1 /* Frameworks */,
				AE9A286F22A4015100402BC1 /* Resources */,
				AE9A289922A4023200402BC1 /* Embed Frameworks */,
			);
			buildRules = (
			);
			dependencies = (
				AE9A289322A4023200402BC1 /* PBXTargetDependency */,
			);
			name = CarthgeTest;
			productName = CarthgeTest;
			productReference = AE9A287122A4015100402BC1 /* CarthgeTest.app */;
			productType = "com.apple.product-type.application";
		};
		AE9A288C22A4023200402BC1 /* CarthegeFramework */ = {
			isa = PBXNativeTarget;
			buildConfigurationList = AE9A289622A4023200402BC1 /* Build configuration list for PBXNativeTarget "CarthegeFramework" */;
			buildPhases = (
				AE9A288822A4023200402BC1 /* Headers */,
				AE9A288922A4023200402BC1 /* Sources */,
				AE9A288A22A4023200402BC1 /* Frameworks */,
				AE9A288B22A4023200402BC1 /* Resources */,
			);
			buildRules = (
			);
			dependencies = (
			);
			name = CarthegeFramework;
			productName = CarthegeFramework;
			productReference = AE9A288D22A4023200402BC1 /* CarthegeFramework.framework */;
			productType = "com.apple.product-type.framework";
		};
/* End PBXNativeTarget section */

/* Begin PBXProject section */
		AE9A286922A4015100402BC1 /* Project object */ = {
			isa = PBXProject;
			attributes = {
				LastSwiftUpdateCheck = 1020;
				LastUpgradeCheck = 1020;
				ORGANIZATIONNAME = "황도증";
				TargetAttributes = {
					AE9A287022A4015100402BC1 = {
						CreatedOnToolsVersion = 10.2.1;
					};
					AE9A288C22A4023200402BC1 = {
						CreatedOnToolsVersion = 10.2.1;
						LastSwiftMigration = 1020;
					};
				};
			};
			buildConfigurationList = AE9A286C22A4015100402BC1 /* Build configuration list for PBXProject "CarthgeTest" */;
			compatibilityVersion = "Xcode 9.3";
			developmentRegion = en;
			hasScannedForEncodings = 0;
			knownRegions = (
				en,
				Base,
			);
			mainGroup = AE9A286822A4015100402BC1;
			productRefGroup = AE9A287222A4015100402BC1 /* Products */;
			projectDirPath = "";
			projectRoot = "";
			targets = (
				AE9A287022A4015100402BC1 /* CarthgeTest */,
				AE9A288C22A4023200402BC1 /* CarthegeFramework */,
			);
		};
/* End PBXProject section */

/* Begin PBXResourcesBuildPhase section */
		AE9A286F22A4015100402BC1 /* Resources */ = {
			isa = PBXResourcesBuildPhase;
			buildActionMask = 2147483647;
			files = (
				AE9A287F22A4015200402BC1 /* LaunchScreen.storyboard in Resources */,
				AE9A287C22A4015200402BC1 /* Assets.xcassets in Resources */,
				AE9A287A22A4015100402BC1 /* Main.storyboard in Resources */,
			);
			runOnlyForDeploymentPostprocessing = 0;
		};
		AE9A288B22A4023200402BC1 /* Resources */ = {
			isa = PBXResourcesBuildPhase;
			buildActionMask = 2147483647;
			files = (
			);
			runOnlyForDeploymentPostprocessing = 0;
		};
/* End PBXResourcesBuildPhase section */

/* Begin PBXSourcesBuildPhase section */
		AE9A286D22A4015100402BC1 /* Sources */ = {
			isa = PBXSourcesBuildPhase;
			buildActionMask = 2147483647;
			files = (
				AE9A28A022A40D0200402BC1 /* AppDelegate.swift in Sources */,
				AE9A28A222A40D4000402BC1 /* TestClass.swift in Sources */,
				AE9A28A122A40D0200402BC1 /* Main.storyboard in Sources */,
			);
			runOnlyForDeploymentPostprocessing = 0;
		};
		AE9A288922A4023200402BC1 /* Sources */ = {
			isa = PBXSourcesBuildPhase;
			buildActionMask = 2147483647;
			files = (
				AE9A28A522A40E5000402BC1 /* TestClass.swift in Sources */,
			);
			runOnlyForDeploymentPostprocessing = 0;
		};
/* End PBXSourcesBuildPhase section */

/* Begin PBXTargetDependency section */
		AE9A289322A4023200402BC1 /* PBXTargetDependency */ = {
			isa = PBXTargetDependency;
			target = AE9A288C22A4023200402BC1 /* CarthegeFramework */;
			targetProxy = AE9A289222A4023200402BC1 /* PBXContainerItemProxy */;
		};
/* End PBXTargetDependency section */

/* Begin PBXVariantGroup section */
		AE9A287822A4015100402BC1 /* Main.storyboard */ = {
			isa = PBXVariantGroup;
			children = (
				AE9A287922A4015100402BC1 /* Base */,
			);
			name = Main.storyboard;
			sourceTree = "<group>";
		};
		AE9A287D22A4015200402BC1 /* LaunchScreen.storyboard */ = {
			isa = PBXVariantGroup;
			children = (
				AE9A287E22A4015200402BC1 /* Base */,
			);
			name = LaunchScreen.storyboard;
			sourceTree = "<group>";
		};
/* End PBXVariantGroup section */

/* Begin XCBuildConfiguration section */
		AE9A288122A4015200402BC1 /* Debug */ = {
			isa = XCBuildConfiguration;
			buildSettings = {
				ALWAYS_SEARCH_USER_PATHS = NO;
				CLANG_ANALYZER_NONNULL = YES;
				CLANG_ANALYZER_NUMBER_OBJECT_CONVERSION = YES_AGGRESSIVE;
				CLANG_CXX_LANGUAGE_STANDARD = "gnu++14";
				CLANG_CXX_LIBRARY = "libc++";
				CLANG_ENABLE_MODULES = YES;
				CLANG_ENABLE_OBJC_ARC = YES;
				CLANG_ENABLE_OBJC_WEAK = YES;
				CLANG_WARN_BLOCK_CAPTURE_AUTORELEASING = YES;
				CLANG_WARN_BOOL_CONVERSION = YES;
				CLANG_WARN_COMMA = YES;
				CLANG_WARN_CONSTANT_CONVERSION = YES;
				CLANG_WARN_DEPRECATED_OBJC_IMPLEMENTATIONS = YES;
				CLANG_WARN_DIRECT_OBJC_ISA_USAGE = YES_ERROR;
				CLANG_WARN_DOCUMENTATION_COMMENTS = YES;
				CLANG_WARN_EMPTY_BODY = YES;
				CLANG_WARN_ENUM_CONVERSION = YES;
				CLANG_WARN_INFINITE_RECURSION = YES;
				CLANG_WARN_INT_CONVERSION = YES;
				CLANG_WARN_NON_LITERAL_NULL_CONVERSION = YES;
				CLANG_WARN_OBJC_IMPLICIT_RETAIN_SELF = YES;
				CLANG_WARN_OBJC_LITERAL_CONVERSION = YES;
				CLANG_WARN_OBJC_ROOT_CLASS = YES_ERROR;
				CLANG_WARN_RANGE_LOOP_ANALYSIS = YES;
				CLANG_WARN_STRICT_PROTOTYPES = YES;
				CLANG_WARN_SUSPICIOUS_MOVE = YES;
				CLANG_WARN_UNGUARDED_AVAILABILITY = YES_AGGRESSIVE;
				CLANG_WARN_UNREACHABLE_CODE = YES;
				CLANG_WARN__DUPLICATE_METHOD_MATCH = YES;
				CODE_SIGN_IDENTITY = "iPhone Developer";
				COPY_PHASE_STRIP = NO;
				DEBUG_INFORMATION_FORMAT = dwarf;
				ENABLE_STRICT_OBJC_MSGSEND = YES;
				ENABLE_TESTABILITY = YES;
				GCC_C_LANGUAGE_STANDARD = gnu11;
				GCC_DYNAMIC_NO_PIC = NO;
				GCC_NO_COMMON_BLOCKS = YES;
				GCC_OPTIMIZATION_LEVEL = 0;
				GCC_PREPROCESSOR_DEFINITIONS = (
					"DEBUG=1",
					"$(inherited)",
				);
				GCC_WARN_64_TO_32_BIT_CONVERSION = YES;
				GCC_WARN_ABOUT_RETURN_TYPE = YES_ERROR;
				GCC_WARN_UNDECLARED_SELECTOR = YES;
				GCC_WARN_UNINITIALIZED_AUTOS = YES_AGGRESSIVE;
				GCC_WARN_UNUSED_FUNCTION = YES;
				GCC_WARN_UNUSED_VARIABLE = YES;
				IPHONEOS_DEPLOYMENT_TARGET = 12.2;
				MTL_ENABLE_DEBUG_INFO = INCLUDE_SOURCE;
				MTL_FAST_MATH = YES;
				ONLY_ACTIVE_ARCH = YES;
				SDKROOT = iphoneos;
				SWIFT_ACTIVE_COMPILATION_CONDITIONS = DEBUG;
				SWIFT_OPTIMIZATION_LEVEL = "-Onone";
			};
			name = Debug;
		};
		AE9A288222A4015200402BC1 /* Release */ = {
			isa = XCBuildConfiguration;
			buildSettings = {
				ALWAYS_SEARCH_USER_PATHS = NO;
				CLANG_ANALYZER_NONNULL = YES;
				CLANG_ANALYZER_NUMBER_OBJECT_CONVERSION = YES_AGGRESSIVE;
				CLANG_CXX_LANGUAGE_STANDARD = "gnu++14";
				CLANG_CXX_LIBRARY = "libc++";
				CLANG_ENABLE_MODULES = YES;
				CLANG_ENABLE_OBJC_ARC = YES;
				CLANG_ENABLE_OBJC_WEAK = YES;
				CLANG_WARN_BLOCK_CAPTURE_AUTORELEASING = YES;
				CLANG_WARN_BOOL_CONVERSION = YES;
				CLANG_WARN_COMMA = YES;
				CLANG_WARN_CONSTANT_CONVERSION = YES;
				CLANG_WARN_DEPRECATED_OBJC_IMPLEMENTATIONS = YES;
				CLANG_WARN_DIRECT_OBJC_ISA_USAGE = YES_ERROR;
				CLANG_WARN_DOCUMENTATION_COMMENTS = YES;
				CLANG_WARN_EMPTY_BODY = YES;
				CLANG_WARN_ENUM_CONVERSION = YES;
				CLANG_WARN_INFINITE_RECURSION = YES;
				CLANG_WARN_INT_CONVERSION = YES;
				CLANG_WARN_NON_LITERAL_NULL_CONVERSION = YES;
				CLANG_WARN_OBJC_IMPLICIT_RETAIN_SELF = YES;
				CLANG_WARN_OBJC_LITERAL_CONVERSION = YES;
				CLANG_WARN_OBJC_ROOT_CLASS = YES_ERROR;
				CLANG_WARN_RANGE_LOOP_ANALYSIS = YES;
				CLANG_WARN_STRICT_PROTOTYPES = YES;
				CLANG_WARN_SUSPICIOUS_MOVE = YES;
				CLANG_WARN_UNGUARDED_AVAILABILITY = YES_AGGRESSIVE;
				CLANG_WARN_UNREACHABLE_CODE = YES;
				CLANG_WARN__DUPLICATE_METHOD_MATCH = YES;
				CODE_SIGN_IDENTITY = "iPhone Developer";
				COPY_PHASE_STRIP = NO;
				DEBUG_INFORMATION_FORMAT = "dwarf-with-dsym";
				ENABLE_NS_ASSERTIONS = NO;
				ENABLE_STRICT_OBJC_MSGSEND = YES;
				GCC_C_LANGUAGE_STANDARD = gnu11;
				GCC_NO_COMMON_BLOCKS = YES;
				GCC_WARN_64_TO_32_BIT_CONVERSION = YES;
				GCC_WARN_ABOUT_RETURN_TYPE = YES_ERROR;
				GCC_WARN_UNDECLARED_SELECTOR = YES;
				GCC_WARN_UNINITIALIZED_AUTOS = YES_AGGRESSIVE;
				GCC_WARN_UNUSED_FUNCTION = YES;
				GCC_WARN_UNUSED_VARIABLE = YES;
				IPHONEOS_DEPLOYMENT_TARGET = 12.2;
				MTL_ENABLE_DEBUG_INFO = NO;
				MTL_FAST_MATH = YES;
				SDKROOT = iphoneos;
				SWIFT_COMPILATION_MODE = wholemodule;
				SWIFT_OPTIMIZATION_LEVEL = "-O";
				VALIDATE_PRODUCT = YES;
			};
			name = Release;
		};
		AE9A288422A4015200402BC1 /* Debug */ = {
			isa = XCBuildConfiguration;
			buildSettings = {
				ALWAYS_EMBED_SWIFT_STANDARD_LIBRARIES = YES;
				ASSETCATALOG_COMPILER_APPICON_NAME = AppIcon;
				CODE_SIGN_STYLE = Automatic;
				INFOPLIST_FILE = CarthgeTest/Info.plist;
				LD_RUNPATH_SEARCH_PATHS = (
					"$(inherited)",
					"@executable_path/Frameworks",
				);
				PRODUCT_BUNDLE_IDENTIFIER = "--------.CarthgeTest";
				PRODUCT_NAME = "$(TARGET_NAME)";
				SWIFT_VERSION = 5.0;
				TARGETED_DEVICE_FAMILY = "1,2";
			};
			name = Debug;
		};
		AE9A288522A4015200402BC1 /* Release */ = {
			isa = XCBuildConfiguration;
			buildSettings = {
				ALWAYS_EMBED_SWIFT_STANDARD_LIBRARIES = YES;
				ASSETCATALOG_COMPILER_APPICON_NAME = AppIcon;
				CODE_SIGN_STYLE = Automatic;
				INFOPLIST_FILE = CarthgeTest/Info.plist;
				LD_RUNPATH_SEARCH_PATHS = (
					"$(inherited)",
					"@executable_path/Frameworks",
				);
				PRODUCT_BUNDLE_IDENTIFIER = "--------.CarthgeTest";
				PRODUCT_NAME = "$(TARGET_NAME)";
				SWIFT_VERSION = 5.0;
				TARGETED_DEVICE_FAMILY = "1,2";
			};
			name = Release;
		};
		AE9A289722A4023200402BC1 /* Debug */ = {
			isa = XCBuildConfiguration;
			buildSettings = {
				CLANG_ENABLE_MODULES = YES;
				CODE_SIGN_IDENTITY = "";
				CODE_SIGN_STYLE = Automatic;
				CURRENT_PROJECT_VERSION = 1;
				DEFINES_MODULE = YES;
				DYLIB_COMPATIBILITY_VERSION = 1;
				DYLIB_CURRENT_VERSION = 1;
				DYLIB_INSTALL_NAME_BASE = "@rpath";
				INFOPLIST_FILE = CarthegeFramework/Info.plist;
				INSTALL_PATH = "$(LOCAL_LIBRARY_DIR)/Frameworks";
				LD_RUNPATH_SEARCH_PATHS = (
					"$(inherited)",
					"@executable_path/Frameworks",
					"@loader_path/Frameworks",
				);
				PRODUCT_BUNDLE_IDENTIFIER = "--------.CarthegeFramework";
				PRODUCT_NAME = "$(TARGET_NAME:c99extidentifier)";
				SKIP_INSTALL = YES;
				SWIFT_OPTIMIZATION_LEVEL = "-Onone";
				SWIFT_VERSION = 5.0;
				TARGETED_DEVICE_FAMILY = "1,2";
				VERSIONING_SYSTEM = "apple-generic";
				VERSION_INFO_PREFIX = "";
			};
			name = Debug;
		};
		AE9A289822A4023200402BC1 /* Release */ = {
			isa = XCBuildConfiguration;
			buildSettings = {
				CLANG_ENABLE_MODULES = YES;
				CODE_SIGN_IDENTITY = "";
				CODE_SIGN_STYLE = Automatic;
				CURRENT_PROJECT_VERSION = 1;
				DEFINES_MODULE = YES;
				DYLIB_COMPATIBILITY_VERSION = 1;
				DYLIB_CURRENT_VERSION = 1;
				DYLIB_INSTALL_NAME_BASE = "@rpath";
				INFOPLIST_FILE = CarthegeFramework/Info.plist;
				INSTALL_PATH = "$(LOCAL_LIBRARY_DIR)/Frameworks";
				LD_RUNPATH_SEARCH_PATHS = (
					"$(inherited)",
					"@executable_path/Frameworks",
					"@loader_path/Frameworks",
				);
				PRODUCT_BUNDLE_IDENTIFIER = "--------.CarthegeFramework";
				PRODUCT_NAME = "$(TARGET_NAME:c99extidentifier)";
				SKIP_INSTALL = YES;
				SWIFT_VERSION = 5.0;
				TARGETED_DEVICE_FAMILY = "1,2";
				VERSIONING_SYSTEM = "apple-generic";
				VERSION_INFO_PREFIX = "";
			};
			name = Release;
		};
/* End XCBuildConfiguration section */

/* Begin XCConfigurationList section */
		AE9A286C22A4015100402BC1 /* Build configuration list for PBXProject "CarthgeTest" */ = {
			isa = XCConfigurationList;
			buildConfigurations = (
				AE9A288122A4015200402BC1 /* Debug */,
				AE9A288222A4015200402BC1 /* Release */,
			);
			defaultConfigurationIsVisible = 0;
			defaultConfigurationName = Release;
		};
		AE9A288322A4015200402BC1 /* Build configuration list for PBXNativeTarget "CarthgeTest" */ = {
			isa = XCConfigurationList;
			buildConfigurations = (
				AE9A288422A4015200402BC1 /* Debug */,
				AE9A288522A4015200402BC1 /* Release */,
			);
			defaultConfigurationIsVisible = 0;
			defaultConfigurationName = Release;
		};
		AE9A289622A4023200402BC1 /* Build configuration list for PBXNativeTarget "CarthegeFramework" */ = {
			isa = XCConfigurationList;
			buildConfigurations = (
				AE9A289722A4023200402BC1 /* Debug */,
				AE9A289822A4023200402BC1 /* Release */,
			);
			defaultConfigurationIsVisible = 0;
			defaultConfigurationName = Release;
		};
/* End XCConfigurationList section */
	};
	rootObject = AE9A286922A4015100402BC1 /* Project object */;
}
